
Microsoft Visual Studio Solution File, Format Version 12.00
Project("{FAE04EC0-301F-11D3-BF4B-00C04F79EFBC}") = "MvcMovie", "..\Sample02\MvcMovie.csproj", "{39EC5B31-551B-4829-8C12-4F7B302DBEBD}"
EndProject
Project("{FAE04EC0-301F-11D3-BF4B-00C04F79EFBC}") = "Sample05", "..\Sample05\Sample05.csproj", "{6CDF1213-9BD1-4F72-9032-A5454F99E6EF}"
EndProject
Global
	GlobalSection(SolutionConfigurationPlatforms) = preSolution
		Debug|Any CPU = Debug|Any CPU
		Release|Any CPU = Release|Any CPU
	EndGlobalSection
	GlobalSection(ProjectConfigurationPlatforms) = postSolution
		{39EC5B31-551B-4829-8C12-4F7B302DBEBD}.Debug|Any CPU.ActiveCfg = Debug|Any CPU
		{39EC5B31-551B-4829-8C12-4F7B302DBEBD}.Debug|Any CPU.Build.0 = Debug|Any CPU
		{39EC5B31-551B-4829-8C12-4F7B302DBEBD}.Release|Any CPU.ActiveCfg = Release|Any CPU
		{39EC5B31-551B-4829-8C12-4F7B302DBEBD}.Release|Any CPU.Build.0 = Release|Any CPU
		{6CDF1213-9BD1-4F72-9032-A5454F99E6EF}.Debug|Any CPU.ActiveCfg = Debug|Any CPU
		{6CDF1213-9BD1-4F72-9032-A5454F99E6EF}.Debug|Any CPU.Build.0 = Debug|Any CPU
		{6CDF1213-9BD1-4F72-9032-A5454F99E6EF}.Release|Any CPU.ActiveCfg = Release|Any CPU
		{6CDF1213-9BD1-4F72-9032-A5454F99E6EF}.Release|Any CPU.Build.0 = Release|Any CPU
	EndGlobalSection
EndGlobal
